{
  "version": 4,
  "terraform_version": "1.8.2",
  "serial": 22,
  "lineage": "9b4c3ffb-55b4-f920-af87-a0d31e0e21d7",
  "outputs": {},
  "resources": [
    {
      "mode": "data",
      "type": "aws_ami",
      "name": "ubuntu",
      "provider": "provider[\"registry.terraform.io/hashicorp/aws\"]",
      "instances": [
        {
          "schema_version": 0,
          "attributes": {
            "architecture": "x86_64",
            "arn": "arn:aws:ec2:us-east-1::image/ami-0e3a6d8ff4c8fe246",
            "block_device_mappings": [
              {
                "device_name": "/dev/sda1",
                "ebs": {
                  "delete_on_termination": "true",
                  "encrypted": "false",
                  "iops": "0",
                  "snapshot_id": "snap-0987642b054c271d9",
                  "throughput": "0",
                  "volume_size": "8",
                  "volume_type": "gp2"
                },
                "no_device": "",
                "virtual_name": ""
              },
              {
                "device_name": "/dev/sdb",
                "ebs": {},
                "no_device": "",
                "virtual_name": "ephemeral0"
              },
              {
                "device_name": "/dev/sdc",
                "ebs": {},
                "no_device": "",
                "virtual_name": "ephemeral1"
              }
            ],
            "creation_date": "2024-04-26T13:43:29.000Z",
            "description": "Canonical, Ubuntu, 20.04 LTS, amd64 focal image build on 2024-04-26",
            "ena_support": true,
            "executable_users": null,
            "filter": [
              {
                "name": "architecture",
                "values": [
                  "x86_64"
                ]
              },
              {
                "name": "name",
                "values": [
                  "ubuntu/images/hvm-ssd/ubuntu-focal-20.04-amd64-server-*"
                ]
              },
              {
                "name": "virtualization-type",
                "values": [
                  "hvm"
                ]
              }
            ],
            "hypervisor": "xen",
            "id": "ami-0e3a6d8ff4c8fe246",
            "image_id": "ami-0e3a6d8ff4c8fe246",
            "image_location": "amazon/ubuntu/images/hvm-ssd/ubuntu-focal-20.04-amd64-server-20240426",
            "image_owner_alias": "amazon",
            "image_type": "machine",
            "kernel_id": null,
            "most_recent": true,
            "name": "ubuntu/images/hvm-ssd/ubuntu-focal-20.04-amd64-server-20240426",
            "name_regex": null,
            "owner_id": "099720109477",
            "owners": [
              "099720109477"
            ],
            "platform": null,
            "platform_details": "Linux/UNIX",
            "product_codes": [],
            "public": true,
            "ramdisk_id": null,
            "root_device_name": "/dev/sda1",
            "root_device_type": "ebs",
            "root_snapshot_id": "snap-0987642b054c271d9",
            "sriov_net_support": "simple",
            "state": "available",
            "state_reason": {
              "code": "UNSET",
              "message": "UNSET"
            },
            "tags": {},
            "usage_operation": "RunInstances",
            "virtualization_type": "hvm"
          },
          "sensitive_attributes": []
        }
      ]
    },
    {
      "mode": "managed",
      "type": "aws_instance",
      "name": "jenkins_side",
      "provider": "provider[\"registry.terraform.io/hashicorp/aws\"]",
      "instances": [
        {
          "schema_version": 1,
          "attributes": {
            "ami": "ami-0e3a6d8ff4c8fe246",
            "arn": "arn:aws:ec2:us-east-1:255058516901:instance/i-03683a48b961bcd6d",
            "associate_public_ip_address": true,
            "availability_zone": "us-east-1e",
            "capacity_reservation_specification": [
              {
                "capacity_reservation_preference": "open",
                "capacity_reservation_target": []
              }
            ],
            "cpu_core_count": 2,
            "cpu_threads_per_core": 1,
            "credit_specification": [
              {
                "cpu_credits": "standard"
              }
            ],
            "disable_api_termination": false,
            "ebs_block_device": [],
            "ebs_optimized": false,
            "enclave_options": [
              {
                "enabled": false
              }
            ],
            "ephemeral_block_device": [],
            "get_password_data": false,
            "hibernation": false,
            "host_id": null,
            "iam_instance_profile": "",
            "id": "i-03683a48b961bcd6d",
            "instance_initiated_shutdown_behavior": "stop",
            "instance_state": "running",
            "instance_type": "t2.medium",
            "ipv6_address_count": 0,
            "ipv6_addresses": [],
            "key_name": "deployer-key",
            "launch_template": [],
            "metadata_options": [
              {
                "http_endpoint": "enabled",
                "http_put_response_hop_limit": 1,
                "http_tokens": "optional",
                "instance_metadata_tags": "disabled"
              }
            ],
            "monitoring": false,
            "network_interface": [],
            "outpost_arn": "",
            "password_data": "",
            "placement_group": "",
            "placement_partition_number": null,
            "primary_network_interface_id": "eni-08ffd81c09f27f965",
            "private_dns": "ip-172-31-56-92.ec2.internal",
            "private_ip": "172.31.56.92",
            "public_dns": "ec2-54-236-28-116.compute-1.amazonaws.com",
            "public_ip": "54.236.28.116",
            "root_block_device": [
              {
                "delete_on_termination": true,
                "device_name": "/dev/sda1",
                "encrypted": false,
                "iops": 100,
                "kms_key_id": "",
                "tags": null,
                "throughput": 0,
                "volume_id": "vol-0c74e8982033f2308",
                "volume_size": 15,
                "volume_type": "gp2"
              }
            ],
            "secondary_private_ips": [],
            "security_groups": [
              "default"
            ],
            "source_dest_check": true,
            "subnet_id": "subnet-0d7fb5f9b50cd3a00",
            "tags": {
              "Name": "NTI_project_jenkins"
            },
            "tags_all": {
              "Name": "NTI_project_jenkins"
            },
            "tenancy": "default",
            "timeouts": null,
            "user_data": null,
            "user_data_base64": null,
            "volume_tags": null,
            "vpc_security_group_ids": [
              "sg-0fed94e2e07de6b3f"
            ]
          },
          "sensitive_attributes": [],
          "private": "eyJlMmJmYjczMC1lY2FhLTExZTYtOGY4OC0zNDM2M2JjN2M0YzAiOnsiY3JlYXRlIjo2MDAwMDAwMDAwMDAsImRlbGV0ZSI6MTIwMDAwMDAwMDAwMCwidXBkYXRlIjo2MDAwMDAwMDAwMDB9LCJzY2hlbWFfdmVyc2lvbiI6IjEifQ==",
          "dependencies": [
            "aws_key_pair.myK",
            "data.aws_ami.ubuntu"
          ]
        }
      ]
    },
    {
      "mode": "managed",
      "type": "aws_key_pair",
      "name": "myK",
      "provider": "provider[\"registry.terraform.io/hashicorp/aws\"]",
      "instances": [
        {
          "schema_version": 1,
          "attributes": {
            "arn": "arn:aws:ec2:us-east-1:255058516901:key-pair/deployer-key",
            "fingerprint": "fc:9d:d5:2b:e8:83:71:ac:1d:d9:5e:c4:50:3c:62:6d",
            "id": "deployer-key",
            "key_name": "deployer-key",
            "key_name_prefix": "",
            "key_pair_id": "key-09b3be9f0cd42883f",
            "public_key": "ssh-rsa AAAAB3NzaC1yc2EAAAADAQABAAABgQD0SAGizA3RrYPs5vIszUz6v1hy3KnyULOhmzyeQoCmtctoUFH2NA9K9sY2IyT7SGTnF97aSiGQXg4b5Ag/8KCktSeZ92FKMkyph+Uv8bEDRBqB9HdBu78esZVnL1mb6g/0uvBEJMhwe7lNm2L8yqYHELhEQqINqqnMstXAfMH64GUgV2D+3lZgMQo5c3NPVLoh22f9xPApFovHjMHoI8ecvXGvSjXWOET8EIYcO1kemNINkksV1JR8JugsHel1A/FhoReDd8kJ7hMmphT51otLE3wQp6DhZ795yHFEDuRuSrTKRRzKDOKmCDtM+datQ0ApRqtujgLSfMs8+JRAl6OTWsBgvOXtUQBxekcZh7t4UeVWaLAqXytKaJi0/MdPI+3cw1d/ngoT26jE5GYDqHhsSVyLguDDWYk+PDidGCsUWHsteMUBmtAVoD5vWDLD0WxzuS28ub7KKuwBxT2+uEgXcb4/OaTwRxpmBIOqjTm8JuR0dpNqs0hrLyFXdGsW2As= mo@mo",
            "tags": null,
            "tags_all": {}
          },
          "sensitive_attributes": [],
          "private": "eyJzY2hlbWFfdmVyc2lvbiI6IjEifQ=="
        }
      ]
    },
    {
      "mode": "managed",
      "type": "local_file",
      "name": "public_ip_file",
      "provider": "provider[\"registry.terraform.io/hashicorp/local\"]",
      "instances": [
        {
          "schema_version": 0,
          "attributes": {
            "content": "54.236.28.116",
            "content_base64": null,
            "content_base64sha256": "oLUMQT4IqXXnf/Xoy4M5yWfn1jbPb+RLaLBop/sOshQ=",
            "content_base64sha512": "fAZNrteQtDUjJ8FHFAOw69FD3oOM8yS71ZYjxQo5W4v2N5x6SH6S/ckZhxbaer/ibqcIj0ODsNAOUxEbZf1scA==",
            "content_md5": "a3367a406611865d16d075d969ed673c",
            "content_sha1": "3737b88659039729bb04e9b29692000ea6e3ccfd",
            "content_sha256": "a0b50c413e08a975e77ff5e8cb8339c967e7d636cf6fe44b68b068a7fb0eb214",
            "content_sha512": "7c064daed790b4352327c1471403b0ebd143de838cf324bbd59623c50a395b8bf6379c7a487e92fdc9198716da7abfe26ea7088f4383b0d00e53111b65fd6c70",
            "directory_permission": "0777",
            "file_permission": "0777",
            "filename": "Ansible/inventory",
            "id": "3737b88659039729bb04e9b29692000ea6e3ccfd",
            "sensitive_content": null,
            "source": null
          },
          "sensitive_attributes": [
            [
              {
                "type": "get_attr",
                "value": "sensitive_content"
              }
            ]
          ],
          "dependencies": [
            "aws_instance.jenkins_side",
            "aws_key_pair.myK",
            "data.aws_ami.ubuntu"
          ]
        }
      ]
    }
  ],
  "check_results": null
}
